
Microsoft Visual Studio Solution File, Format Version 12.00
# Visual Studio 2012
Project("{FAE04EC0-301F-11D3-BF4B-00C04F79EFBC}") = "TesrtWindowsServiceDeploy", "TesrtWindowsServiceDeploy\TesrtWindowsServiceDeploy.csproj", "{B7D7ECAE-CF04-4FF1-9492-4547F6CAFBA4}"
EndProject
Project("{2150E333-8FDC-42A3-9474-1A3956D46DE8}") = ".nuget", ".nuget", "{EFBA835F-E1F7-4E11-A730-E87D692AF510}"
	ProjectSection(SolutionItems) = preProject
		.nuget\NuGet.Config = .nuget\NuGet.Config
		.nuget\NuGet.exe = .nuget\NuGet.exe
		.nuget\NuGet.targets = .nuget\NuGet.targets
	EndProjectSection
EndProject
Global
	GlobalSection(SolutionConfigurationPlatforms) = preSolution
		Debug|Any CPU = Debug|Any CPU
		Release|Any CPU = Release|Any CPU
	EndGlobalSection
	GlobalSection(ProjectConfigurationPlatforms) = postSolution
		{B7D7ECAE-CF04-4FF1-9492-4547F6CAFBA4}.Debug|Any CPU.ActiveCfg = Debug|Any CPU
		{B7D7ECAE-CF04-4FF1-9492-4547F6CAFBA4}.Debug|Any CPU.Build.0 = Debug|Any CPU
		{B7D7ECAE-CF04-4FF1-9492-4547F6CAFBA4}.Release|Any CPU.ActiveCfg = Release|Any CPU
		{B7D7ECAE-CF04-4FF1-9492-4547F6CAFBA4}.Release|Any CPU.Build.0 = Release|Any CPU
	EndGlobalSection
	GlobalSection(SolutionProperties) = preSolution
		HideSolutionNode = FALSE
	EndGlobalSection
EndGlobal
